{
    "version": 3,
    "terraform_version": "0.11.11",
    "serial": 2,
    "lineage": "a7966bc0-e4ea-12af-ea55-e4963463be4c",
    "modules": [
        {
            "path": [
                "root"
            ],
            "outputs": {
                "elb": {
                    "sensitive": false,
                    "type": "string",
                    "value": "myapp-elb-20570410.eu-central-1.elb.amazonaws.com"
                },
                "jenkins": {
                    "sensitive": false,
                    "type": "string",
                    "value": "52.59.253.42"
                },
                "myapp-repository-URL": {
                    "sensitive": false,
                    "type": "string",
                    "value": "228651446036.dkr.ecr.eu-central-1.amazonaws.com/myapp"
                }
            },
            "resources": {
                "aws_autoscaling_group.ecs-example-autoscaling": {
                    "type": "aws_autoscaling_group",
                    "depends_on": [
                        "aws_launch_configuration.ecs-example-launchconfig",
                        "aws_subnet.main-public-1",
                        "aws_subnet.main-public-2"
                    ],
                    "primary": {
                        "id": "ecs-example-autoscaling",
                        "attributes": {
                            "arn": "arn:aws:autoscaling:eu-central-1:228651446036:autoScalingGroup:5e6ccfc8-7ea4-4279-a6bf-76f15a1cf2ed:autoScalingGroupName/ecs-example-autoscaling",
                            "availability_zones.#": "2",
                            "availability_zones.1126047633": "eu-central-1a",
                            "availability_zones.3658960427": "eu-central-1b",
                            "default_cooldown": "300",
                            "desired_capacity": "1",
                            "enabled_metrics.#": "0",
                            "force_delete": "false",
                            "health_check_grace_period": "300",
                            "health_check_type": "EC2",
                            "id": "ecs-example-autoscaling",
                            "launch_configuration": "ecs-launchconfig20190215123441178600000001",
                            "launch_template.#": "0",
                            "load_balancers.#": "0",
                            "max_size": "1",
                            "metrics_granularity": "1Minute",
                            "min_size": "1",
                            "mixed_instances_policy.#": "0",
                            "name": "ecs-example-autoscaling",
                            "placement_group": "",
                            "protect_from_scale_in": "false",
                            "service_linked_role_arn": "arn:aws:iam::228651446036:role/aws-service-role/autoscaling.amazonaws.com/AWSServiceRoleForAutoScaling",
                            "suspended_processes.#": "0",
                            "tag.#": "1",
                            "tag.2348833364.key": "Name",
                            "tag.2348833364.propagate_at_launch": "true",
                            "tag.2348833364.value": "ecs-ec2-container",
                            "target_group_arns.#": "0",
                            "termination_policies.#": "0",
                            "vpc_zone_identifier.#": "2",
                            "vpc_zone_identifier.2438698889": "subnet-0f6bdf06e97772070",
                            "vpc_zone_identifier.3660149286": "subnet-0b4e2eef60fc0378c",
                            "wait_for_capacity_timeout": "10m"
                        },
                        "meta": {
                            "e2bfb730-ecaa-11e6-8f88-34363bc7c4c0": {
                                "delete": 600000000000
                            }
                        },
                        "tainted": false
                    },
                    "deposed": [],
                    "provider": "provider.aws"
                },
                "aws_ebs_volume.jenkins-data": {
                    "type": "aws_ebs_volume",
                    "depends_on": [],
                    "primary": {
                        "id": "vol-0b3e3478be92a04c7",
                        "attributes": {
                            "arn": "arn:aws:ec2:eu-central-1:228651446036:volume/vol-0b3e3478be92a04c7",
                            "availability_zone": "eu-central-1a",
                            "encrypted": "false",
                            "id": "vol-0b3e3478be92a04c7",
                            "size": "20",
                            "snapshot_id": "",
                            "tags.%": "1",
                            "tags.Name": "jenkins-data",
                            "type": "gp2"
                        },
                        "meta": {},
                        "tainted": false
                    },
                    "deposed": [],
                    "provider": "provider.aws"
                },
                "aws_ecr_repository.myapp": {
                    "type": "aws_ecr_repository",
                    "depends_on": [],
                    "primary": {
                        "id": "myapp",
                        "attributes": {
                            "arn": "arn:aws:ecr:eu-central-1:228651446036:repository/myapp",
                            "id": "myapp",
                            "name": "myapp",
                            "registry_id": "228651446036",
                            "repository_url": "228651446036.dkr.ecr.eu-central-1.amazonaws.com/myapp",
                            "tags.%": "0"
                        },
                        "meta": {
                            "e2bfb730-ecaa-11e6-8f88-34363bc7c4c0": {
                                "delete": 1200000000000
                            }
                        },
                        "tainted": false
                    },
                    "deposed": [],
                    "provider": "provider.aws"
                },
                "aws_ecs_cluster.example-cluster": {
                    "type": "aws_ecs_cluster",
                    "depends_on": [],
                    "primary": {
                        "id": "arn:aws:ecs:eu-central-1:228651446036:cluster/example-cluster",
                        "attributes": {
                            "arn": "arn:aws:ecs:eu-central-1:228651446036:cluster/example-cluster",
                            "id": "arn:aws:ecs:eu-central-1:228651446036:cluster/example-cluster",
                            "name": "example-cluster",
                            "tags.%": "0"
                        },
                        "meta": {},
                        "tainted": false
                    },
                    "deposed": [],
                    "provider": "provider.aws"
                },
                "aws_ecs_task_definition.myapp-task-definition": {
                    "type": "aws_ecs_task_definition",
                    "depends_on": [
                        "data.template_file.myapp-task-definition-template"
                    ],
                    "primary": {
                        "id": "myapp",
                        "attributes": {
                            "arn": "arn:aws:ecs:eu-central-1:228651446036:task-definition/myapp:13",
                            "container_definitions": "[{\"command\":[\"npm\",\"start\"],\"cpu\":256,\"environment\":[],\"essential\":true,\"image\":\"228651446036.dkr.ecr.eu-central-1.amazonaws.com/myapp:0\",\"memory\":256,\"mountPoints\":[],\"name\":\"myapp\",\"portMappings\":[{\"containerPort\":3000,\"hostPort\":3000,\"protocol\":\"tcp\"}],\"volumesFrom\":[],\"workingDirectory\":\"/app\"}]",
                            "cpu": "",
                            "execution_role_arn": "",
                            "family": "myapp",
                            "id": "myapp",
                            "memory": "",
                            "network_mode": "",
                            "placement_constraints.#": "0",
                            "requires_compatibilities.#": "0",
                            "revision": "13",
                            "tags.%": "0",
                            "task_role_arn": "",
                            "volume.#": "0"
                        },
                        "meta": {
                            "schema_version": "1"
                        },
                        "tainted": false
                    },
                    "deposed": [],
                    "provider": "provider.aws"
                },
                "aws_elb.myapp-elb": {
                    "type": "aws_elb",
                    "depends_on": [
                        "aws_security_group.myapp-elb-securitygroup",
                        "aws_subnet.main-public-1",
                        "aws_subnet.main-public-2"
                    ],
                    "primary": {
                        "id": "myapp-elb",
                        "attributes": {
                            "access_logs.#": "0",
                            "arn": "arn:aws:elasticloadbalancing:eu-central-1:228651446036:loadbalancer/myapp-elb",
                            "availability_zones.#": "2",
                            "availability_zones.1126047633": "eu-central-1a",
                            "availability_zones.3658960427": "eu-central-1b",
                            "connection_draining": "true",
                            "connection_draining_timeout": "400",
                            "cross_zone_load_balancing": "true",
                            "dns_name": "myapp-elb-20570410.eu-central-1.elb.amazonaws.com",
                            "health_check.#": "1",
                            "health_check.0.healthy_threshold": "3",
                            "health_check.0.interval": "60",
                            "health_check.0.target": "HTTP:3000/",
                            "health_check.0.timeout": "30",
                            "health_check.0.unhealthy_threshold": "3",
                            "id": "myapp-elb",
                            "idle_timeout": "400",
                            "instances.#": "0",
                            "internal": "false",
                            "listener.#": "1",
                            "listener.2797230273.instance_port": "3000",
                            "listener.2797230273.instance_protocol": "http",
                            "listener.2797230273.lb_port": "80",
                            "listener.2797230273.lb_protocol": "http",
                            "listener.2797230273.ssl_certificate_id": "",
                            "name": "myapp-elb",
                            "security_groups.#": "1",
                            "security_groups.3871718889": "sg-0b2c9e8f22f0dfbfd",
                            "source_security_group": "228651446036/myapp-elb",
                            "source_security_group_id": "sg-0b2c9e8f22f0dfbfd",
                            "subnets.#": "2",
                            "subnets.2438698889": "subnet-0f6bdf06e97772070",
                            "subnets.3660149286": "subnet-0b4e2eef60fc0378c",
                            "tags.%": "1",
                            "tags.Name": "myapp-elb",
                            "zone_id": "Z215JYRZR1TBD5"
                        },
                        "meta": {},
                        "tainted": false
                    },
                    "deposed": [],
                    "provider": "provider.aws"
                },
                "aws_iam_instance_profile.ecs-ec2-role": {
                    "type": "aws_iam_instance_profile",
                    "depends_on": [
                        "aws_iam_role.ecs-ec2-role"
                    ],
                    "primary": {
                        "id": "ecs-ec2-role",
                        "attributes": {
                            "arn": "arn:aws:iam::228651446036:instance-profile/ecs-ec2-role",
                            "create_date": "2019-02-15T12:34:31Z",
                            "id": "ecs-ec2-role",
                            "name": "ecs-ec2-role",
                            "path": "/",
                            "role": "ecs-ec2-role",
                            "roles.#": "0",
                            "unique_id": "AIPAJQOZ6XOYCHK4BZ7RQ"
                        },
                        "meta": {},
                        "tainted": false
                    },
                    "deposed": [],
                    "provider": "provider.aws"
                },
                "aws_iam_policy_attachment.ecs-service-attach1": {
                    "type": "aws_iam_policy_attachment",
                    "depends_on": [
                        "aws_iam_role.ecs-service-role"
                    ],
                    "primary": {
                        "id": "ecs-service-attach1",
                        "attributes": {
                            "groups.#": "0",
                            "id": "ecs-service-attach1",
                            "name": "ecs-service-attach1",
                            "policy_arn": "arn:aws:iam::aws:policy/service-role/AmazonEC2ContainerServiceRole",
                            "roles.#": "1",
                            "roles.4283548173": "ecs-service-role",
                            "users.#": "0"
                        },
                        "meta": {},
                        "tainted": false
                    },
                    "deposed": [],
                    "provider": "provider.aws"
                },
                "aws_iam_role.ecs-consul-server-role": {
                    "type": "aws_iam_role",
                    "depends_on": [],
                    "primary": {
                        "id": "ecs-consul-server-role",
                        "attributes": {
                            "arn": "arn:aws:iam::228651446036:role/ecs-consul-server-role",
                            "assume_role_policy": "{\"Version\":\"2012-10-17\",\"Statement\":[{\"Sid\":\"\",\"Effect\":\"Allow\",\"Principal\":{\"Service\":\"ec2.amazonaws.com\"},\"Action\":\"sts:AssumeRole\"}]}",
                            "create_date": "2019-02-15T12:34:29Z",
                            "description": "",
                            "force_detach_policies": "false",
                            "id": "ecs-consul-server-role",
                            "max_session_duration": "3600",
                            "name": "ecs-consul-server-role",
                            "path": "/",
                            "tags.%": "0",
                            "unique_id": "AROAJXXOJDHEZJFVJ3HAQ"
                        },
                        "meta": {},
                        "tainted": false
                    },
                    "deposed": [],
                    "provider": "provider.aws"
                },
                "aws_iam_role.ecs-ec2-role": {
                    "type": "aws_iam_role",
                    "depends_on": [],
                    "primary": {
                        "id": "ecs-ec2-role",
                        "attributes": {
                            "arn": "arn:aws:iam::228651446036:role/ecs-ec2-role",
                            "assume_role_policy": "{\"Version\":\"2012-10-17\",\"Statement\":[{\"Sid\":\"\",\"Effect\":\"Allow\",\"Principal\":{\"Service\":\"ec2.amazonaws.com\"},\"Action\":\"sts:AssumeRole\"}]}",
                            "create_date": "2019-02-15T12:34:29Z",
                            "description": "",
                            "force_detach_policies": "false",
                            "id": "ecs-ec2-role",
                            "max_session_duration": "3600",
                            "name": "ecs-ec2-role",
                            "path": "/",
                            "tags.%": "0",
                            "unique_id": "AROAI6L6WOZE3HUCDZM2K"
                        },
                        "meta": {},
                        "tainted": false
                    },
                    "deposed": [],
                    "provider": "provider.aws"
                },
                "aws_iam_role.ecs-service-role": {
                    "type": "aws_iam_role",
                    "depends_on": [],
                    "primary": {
                        "id": "ecs-service-role",
                        "attributes": {
                            "arn": "arn:aws:iam::228651446036:role/ecs-service-role",
                            "assume_role_policy": "{\"Version\":\"2012-10-17\",\"Statement\":[{\"Sid\":\"\",\"Effect\":\"Allow\",\"Principal\":{\"Service\":\"ecs.amazonaws.com\"},\"Action\":\"sts:AssumeRole\"}]}",
                            "create_date": "2019-02-15T12:34:29Z",
                            "description": "",
                            "force_detach_policies": "false",
                            "id": "ecs-service-role",
                            "max_session_duration": "3600",
                            "name": "ecs-service-role",
                            "path": "/",
                            "tags.%": "0",
                            "unique_id": "AROAJ7MB5RHUBMFX2V7BQ"
                        },
                        "meta": {},
                        "tainted": false
                    },
                    "deposed": [],
                    "provider": "provider.aws"
                },
                "aws_iam_role_policy.ecs-ec2-role-policy": {
                    "type": "aws_iam_role_policy",
                    "depends_on": [
                        "aws_iam_role.ecs-ec2-role"
                    ],
                    "primary": {
                        "id": "ecs-ec2-role:ecs-ec2-role-policy",
                        "attributes": {
                            "id": "ecs-ec2-role:ecs-ec2-role-policy",
                            "name": "ecs-ec2-role-policy",
                            "policy": "{\n    \"Version\": \"2012-10-17\",\n    \"Statement\": [\n        {\n            \"Effect\": \"Allow\",\n            \"Action\": [\n              \"ecs:CreateCluster\",\n              \"ecs:DeregisterContainerInstance\",\n              \"ecs:DiscoverPollEndpoint\",\n              \"ecs:Poll\",\n              \"ecs:RegisterContainerInstance\",\n              \"ecs:StartTelemetrySession\",\n              \"ecs:Submit*\",\n              \"ecs:StartTask\",\n              \"ecr:GetAuthorizationToken\",\n              \"ecr:BatchCheckLayerAvailability\",\n              \"ecr:GetDownloadUrlForLayer\",\n              \"ecr:BatchGetImage\",\n              \"logs:CreateLogStream\",\n              \"logs:PutLogEvents\"\n            ],\n            \"Resource\": \"*\"\n        },\n        {\n            \"Effect\": \"Allow\",\n            \"Action\": [\n                \"logs:CreateLogGroup\",\n                \"logs:CreateLogStream\",\n                \"logs:PutLogEvents\",\n                \"logs:DescribeLogStreams\"\n            ],\n            \"Resource\": [\n                \"arn:aws:logs:*:*:*\"\n            ]\n        }\n    ]\n}\n",
                            "role": "ecs-ec2-role"
                        },
                        "meta": {},
                        "tainted": false
                    },
                    "deposed": [],
                    "provider": "provider.aws"
                },
                "aws_instance.jenkins-instance": {
                    "type": "aws_instance",
                    "depends_on": [
                        "aws_key_pair.mykeypair",
                        "aws_security_group.jenkins-securitygroup",
                        "aws_subnet.main-public-1",
                        "data.template_cloudinit_config.cloudinit-jenkins"
                    ],
                    "primary": {
                        "id": "i-07e2ef95949d95fac",
                        "attributes": {
                            "ami": "ami-0cf8fa6a01bb07363",
                            "arn": "arn:aws:ec2:eu-central-1:228651446036:instance/i-07e2ef95949d95fac",
                            "associate_public_ip_address": "true",
                            "availability_zone": "eu-central-1a",
                            "cpu_core_count": "1",
                            "cpu_threads_per_core": "1",
                            "credit_specification.#": "1",
                            "credit_specification.0.cpu_credits": "standard",
                            "disable_api_termination": "false",
                            "ebs_block_device.#": "0",
                            "ebs_optimized": "false",
                            "ephemeral_block_device.#": "0",
                            "get_password_data": "false",
                            "iam_instance_profile": "",
                            "id": "i-07e2ef95949d95fac",
                            "instance_state": "running",
                            "instance_type": "t2.small",
                            "ipv6_addresses.#": "0",
                            "key_name": "mykeypair",
                            "monitoring": "false",
                            "network_interface.#": "0",
                            "network_interface_id": "eni-06bf5c6814520a87e",
                            "password_data": "",
                            "placement_group": "",
                            "primary_network_interface_id": "eni-06bf5c6814520a87e",
                            "private_dns": "ip-10-0-1-144.eu-central-1.compute.internal",
                            "private_ip": "10.0.1.144",
                            "public_dns": "ec2-52-59-253-42.eu-central-1.compute.amazonaws.com",
                            "public_ip": "52.59.253.42",
                            "root_block_device.#": "1",
                            "root_block_device.0.delete_on_termination": "true",
                            "root_block_device.0.iops": "100",
                            "root_block_device.0.volume_id": "vol-09f89328f1df470b1",
                            "root_block_device.0.volume_size": "8",
                            "root_block_device.0.volume_type": "gp2",
                            "security_groups.#": "0",
                            "source_dest_check": "true",
                            "subnet_id": "subnet-0b4e2eef60fc0378c",
                            "tags.%": "0",
                            "tenancy": "default",
                            "user_data": "a77f3d52f00dae00d101f7369fad08010b5cfe02",
                            "volume_tags.%": "0",
                            "vpc_security_group_ids.#": "1",
                            "vpc_security_group_ids.3154597994": "sg-01f51da29516ee6ff"
                        },
                        "meta": {
                            "e2bfb730-ecaa-11e6-8f88-34363bc7c4c0": {
                                "create": 600000000000,
                                "delete": 1200000000000,
                                "update": 600000000000
                            },
                            "schema_version": "1"
                        },
                        "tainted": false
                    },
                    "deposed": [],
                    "provider": "provider.aws"
                },
                "aws_internet_gateway.main-gw": {
                    "type": "aws_internet_gateway",
                    "depends_on": [
                        "aws_vpc.main"
                    ],
                    "primary": {
                        "id": "igw-06085291545a38c1d",
                        "attributes": {
                            "id": "igw-06085291545a38c1d",
                            "owner_id": "228651446036",
                            "tags.%": "1",
                            "tags.Name": "main",
                            "vpc_id": "vpc-0cd7458ca4a3138c5"
                        },
                        "meta": {},
                        "tainted": false
                    },
                    "deposed": [],
                    "provider": "provider.aws"
                },
                "aws_key_pair.mykeypair": {
                    "type": "aws_key_pair",
                    "depends_on": [],
                    "primary": {
                        "id": "mykeypair",
                        "attributes": {
                            "fingerprint": "44:fc:1a:79:34:29:fe:58:ed:a1:fd:b1:72:5f:f8:ae",
                            "id": "mykeypair",
                            "key_name": "mykeypair",
                            "public_key": "ssh-rsa AAAAB3NzaC1yc2EAAAADAQABAAACAQD1AGaiS/A/9hmclwbgLkor1cDxNOjYFhntyYz4sMPb9+YjLQwwZ9bgz2uxmQPvR6BZAynBCu82g+RR69RrkPwBB2JgLia3YJai5YBpiKdQ2A7cm31HYJcQFd5IOhujZaRG13UK2bUoRBsJiKlcpEJEt03P9BEa3UNLS+8IWcBLez6E2WOJ6QE21VB2ZP2Fnm8xNr4/H0MB5AFmzNjV39qw3ONItv9LwBje4CYE9JLUWBrJ85S3yMv/tZEErzEZB001ozQe4dfQw54LaepJi2sjb1Onld7Ghz69XGOO+08uSPwDcAUjSeqLcgfG09KEzxCfiDzi2qRYhUtZ3KTXsRS+ZYxN/2AXrQhA/NWlhTxBLXprrGtLjkCFda/85wAQ4FUGfGBtFKAZZolSNnFbXhhoadMWqWL2MNYZHJOaebTPBdkiLljiL/TISJir0juuF3oSmtmi1B82tihkFca2ulWiSQc0YaRa+VmTiIb/jey52WXz9vVguRg/707C+7GbqKoocz5WLxDLCJmeZkJP/lQ257d/nq4RSU4k9kvfAuY/ISyiQE1NWPHxnB4qCeWyiiDqwNBVmkqXF30LcXK5mHKsMHa4P9oKPk6lmTGQvr5NeCReg5LKa95M6FiGoY59NCW0LJ5vqeYT+1wNvI8SV9rNKbsa+xy9eEyEjpD8Xbgnhw== vagrant@terraform"
                        },
                        "meta": {
                            "schema_version": "1"
                        },
                        "tainted": false
                    },
                    "deposed": [],
                    "provider": "provider.aws"
                },
                "aws_launch_configuration.ecs-example-launchconfig": {
                    "type": "aws_launch_configuration",
                    "depends_on": [
                        "aws_iam_instance_profile.ecs-ec2-role",
                        "aws_key_pair.mykeypair",
                        "aws_security_group.ecs-securitygroup"
                    ],
                    "primary": {
                        "id": "ecs-launchconfig20190215123441178600000001",
                        "attributes": {
                            "associate_public_ip_address": "false",
                            "ebs_block_device.#": "0",
                            "ebs_optimized": "false",
                            "enable_monitoring": "true",
                            "ephemeral_block_device.#": "0",
                            "iam_instance_profile": "ecs-ec2-role",
                            "id": "ecs-launchconfig20190215123441178600000001",
                            "image_id": "ami-08b3fd22c78a217d5",
                            "instance_type": "t2.micro",
                            "key_name": "mykeypair",
                            "name": "ecs-launchconfig20190215123441178600000001",
                            "name_prefix": "ecs-launchconfig",
                            "root_block_device.#": "0",
                            "security_groups.#": "1",
                            "security_groups.4190972333": "sg-02e0c5b8bdb5d8a3d",
                            "spot_price": "",
                            "user_data": "2283a54db9f636900b49c3e2a6cd048bca08dd5b",
                            "vpc_classic_link_id": "",
                            "vpc_classic_link_security_groups.#": "0"
                        },
                        "meta": {},
                        "tainted": false
                    },
                    "deposed": [],
                    "provider": "provider.aws"
                },
                "aws_route_table.main-public": {
                    "type": "aws_route_table",
                    "depends_on": [
                        "aws_internet_gateway.main-gw",
                        "aws_vpc.main"
                    ],
                    "primary": {
                        "id": "rtb-0b5bfa5407552192c",
                        "attributes": {
                            "id": "rtb-0b5bfa5407552192c",
                            "owner_id": "228651446036",
                            "propagating_vgws.#": "0",
                            "route.#": "1",
                            "route.704638840.cidr_block": "0.0.0.0/0",
                            "route.704638840.egress_only_gateway_id": "",
                            "route.704638840.gateway_id": "igw-06085291545a38c1d",
                            "route.704638840.instance_id": "",
                            "route.704638840.ipv6_cidr_block": "",
                            "route.704638840.nat_gateway_id": "",
                            "route.704638840.network_interface_id": "",
                            "route.704638840.transit_gateway_id": "",
                            "route.704638840.vpc_peering_connection_id": "",
                            "tags.%": "1",
                            "tags.Name": "main-public-1",
                            "vpc_id": "vpc-0cd7458ca4a3138c5"
                        },
                        "meta": {},
                        "tainted": false
                    },
                    "deposed": [],
                    "provider": "provider.aws"
                },
                "aws_route_table_association.main-public-1-a": {
                    "type": "aws_route_table_association",
                    "depends_on": [
                        "aws_route_table.main-public",
                        "aws_subnet.main-public-1"
                    ],
                    "primary": {
                        "id": "rtbassoc-08825cb3262310bb8",
                        "attributes": {
                            "id": "rtbassoc-08825cb3262310bb8",
                            "route_table_id": "rtb-0b5bfa5407552192c",
                            "subnet_id": "subnet-0b4e2eef60fc0378c"
                        },
                        "meta": {},
                        "tainted": false
                    },
                    "deposed": [],
                    "provider": "provider.aws"
                },
                "aws_route_table_association.main-public-2-a": {
                    "type": "aws_route_table_association",
                    "depends_on": [
                        "aws_route_table.main-public",
                        "aws_subnet.main-public-2"
                    ],
                    "primary": {
                        "id": "rtbassoc-00519e3f5fb54546d",
                        "attributes": {
                            "id": "rtbassoc-00519e3f5fb54546d",
                            "route_table_id": "rtb-0b5bfa5407552192c",
                            "subnet_id": "subnet-0f6bdf06e97772070"
                        },
                        "meta": {},
                        "tainted": false
                    },
                    "deposed": [],
                    "provider": "provider.aws"
                },
                "aws_route_table_association.main-public-3-a": {
                    "type": "aws_route_table_association",
                    "depends_on": [
                        "aws_route_table.main-public",
                        "aws_subnet.main-public-3"
                    ],
                    "primary": {
                        "id": "rtbassoc-0ffad6978afc71de2",
                        "attributes": {
                            "id": "rtbassoc-0ffad6978afc71de2",
                            "route_table_id": "rtb-0b5bfa5407552192c",
                            "subnet_id": "subnet-0604903cd24921a97"
                        },
                        "meta": {},
                        "tainted": false
                    },
                    "deposed": [],
                    "provider": "provider.aws"
                },
                "aws_s3_bucket.terraform-state": {
                    "type": "aws_s3_bucket",
                    "depends_on": [],
                    "primary": {
                        "id": "terraform-state-cd1235d6yjd",
                        "attributes": {
                            "acceleration_status": "",
                            "acl": "private",
                            "arn": "arn:aws:s3:::terraform-state-cd1235d6yjd",
                            "bucket": "terraform-state-cd1235d6yjd",
                            "bucket_domain_name": "terraform-state-cd1235d6yjd.s3.amazonaws.com",
                            "bucket_regional_domain_name": "terraform-state-cd1235d6yjd.s3.eu-central-1.amazonaws.com",
                            "cors_rule.#": "0",
                            "force_destroy": "false",
                            "hosted_zone_id": "Z21DNDUVLTQW6Q",
                            "id": "terraform-state-cd1235d6yjd",
                            "lifecycle_rule.#": "0",
                            "logging.#": "0",
                            "object_lock_configuration.#": "0",
                            "region": "eu-central-1",
                            "replication_configuration.#": "0",
                            "request_payer": "BucketOwner",
                            "server_side_encryption_configuration.#": "0",
                            "tags.%": "1",
                            "tags.Name": "Terraform state",
                            "versioning.#": "1",
                            "versioning.0.enabled": "true",
                            "versioning.0.mfa_delete": "false",
                            "website.#": "0"
                        },
                        "meta": {},
                        "tainted": false
                    },
                    "deposed": [],
                    "provider": "provider.aws"
                },
                "aws_security_group.ecs-securitygroup": {
                    "type": "aws_security_group",
                    "depends_on": [
                        "aws_security_group.myapp-elb-securitygroup",
                        "aws_vpc.main"
                    ],
                    "primary": {
                        "id": "sg-02e0c5b8bdb5d8a3d",
                        "attributes": {
                            "arn": "arn:aws:ec2:eu-central-1:228651446036:security-group/sg-02e0c5b8bdb5d8a3d",
                            "description": "security group for ecs",
                            "egress.#": "1",
                            "egress.482069346.cidr_blocks.#": "1",
                            "egress.482069346.cidr_blocks.0": "0.0.0.0/0",
                            "egress.482069346.description": "",
                            "egress.482069346.from_port": "0",
                            "egress.482069346.ipv6_cidr_blocks.#": "0",
                            "egress.482069346.prefix_list_ids.#": "0",
                            "egress.482069346.protocol": "-1",
                            "egress.482069346.security_groups.#": "0",
                            "egress.482069346.self": "false",
                            "egress.482069346.to_port": "0",
                            "id": "sg-02e0c5b8bdb5d8a3d",
                            "ingress.#": "2",
                            "ingress.2005054675.cidr_blocks.#": "0",
                            "ingress.2005054675.description": "",
                            "ingress.2005054675.from_port": "3000",
                            "ingress.2005054675.ipv6_cidr_blocks.#": "0",
                            "ingress.2005054675.prefix_list_ids.#": "0",
                            "ingress.2005054675.protocol": "tcp",
                            "ingress.2005054675.security_groups.#": "1",
                            "ingress.2005054675.security_groups.3871718889": "sg-0b2c9e8f22f0dfbfd",
                            "ingress.2005054675.self": "false",
                            "ingress.2005054675.to_port": "3000",
                            "ingress.2541437006.cidr_blocks.#": "1",
                            "ingress.2541437006.cidr_blocks.0": "0.0.0.0/0",
                            "ingress.2541437006.description": "",
                            "ingress.2541437006.from_port": "22",
                            "ingress.2541437006.ipv6_cidr_blocks.#": "0",
                            "ingress.2541437006.prefix_list_ids.#": "0",
                            "ingress.2541437006.protocol": "tcp",
                            "ingress.2541437006.security_groups.#": "0",
                            "ingress.2541437006.self": "false",
                            "ingress.2541437006.to_port": "22",
                            "name": "ecs",
                            "owner_id": "228651446036",
                            "revoke_rules_on_delete": "false",
                            "tags.%": "1",
                            "tags.Name": "ecs",
                            "vpc_id": "vpc-0cd7458ca4a3138c5"
                        },
                        "meta": {
                            "e2bfb730-ecaa-11e6-8f88-34363bc7c4c0": {
                                "create": 600000000000,
                                "delete": 600000000000
                            },
                            "schema_version": "1"
                        },
                        "tainted": false
                    },
                    "deposed": [],
                    "provider": "provider.aws"
                },
                "aws_security_group.jenkins-securitygroup": {
                    "type": "aws_security_group",
                    "depends_on": [
                        "aws_vpc.main"
                    ],
                    "primary": {
                        "id": "sg-01f51da29516ee6ff",
                        "attributes": {
                            "arn": "arn:aws:ec2:eu-central-1:228651446036:security-group/sg-01f51da29516ee6ff",
                            "description": "security group that allows ssh and all egress traffic",
                            "egress.#": "1",
                            "egress.482069346.cidr_blocks.#": "1",
                            "egress.482069346.cidr_blocks.0": "0.0.0.0/0",
                            "egress.482069346.description": "",
                            "egress.482069346.from_port": "0",
                            "egress.482069346.ipv6_cidr_blocks.#": "0",
                            "egress.482069346.prefix_list_ids.#": "0",
                            "egress.482069346.protocol": "-1",
                            "egress.482069346.security_groups.#": "0",
                            "egress.482069346.self": "false",
                            "egress.482069346.to_port": "0",
                            "id": "sg-01f51da29516ee6ff",
                            "ingress.#": "2",
                            "ingress.3129436951.cidr_blocks.#": "1",
                            "ingress.3129436951.cidr_blocks.0": "92.60.179.116/32",
                            "ingress.3129436951.description": "",
                            "ingress.3129436951.from_port": "22",
                            "ingress.3129436951.ipv6_cidr_blocks.#": "0",
                            "ingress.3129436951.prefix_list_ids.#": "0",
                            "ingress.3129436951.protocol": "tcp",
                            "ingress.3129436951.security_groups.#": "0",
                            "ingress.3129436951.self": "false",
                            "ingress.3129436951.to_port": "22",
                            "ingress.3595051640.cidr_blocks.#": "1",
                            "ingress.3595051640.cidr_blocks.0": "92.60.179.116/32",
                            "ingress.3595051640.description": "",
                            "ingress.3595051640.from_port": "8080",
                            "ingress.3595051640.ipv6_cidr_blocks.#": "0",
                            "ingress.3595051640.prefix_list_ids.#": "0",
                            "ingress.3595051640.protocol": "tcp",
                            "ingress.3595051640.security_groups.#": "0",
                            "ingress.3595051640.self": "false",
                            "ingress.3595051640.to_port": "8080",
                            "name": "jenkins-securitygroup",
                            "owner_id": "228651446036",
                            "revoke_rules_on_delete": "false",
                            "tags.%": "1",
                            "tags.Name": "jenkins-securitygroup",
                            "vpc_id": "vpc-0cd7458ca4a3138c5"
                        },
                        "meta": {
                            "e2bfb730-ecaa-11e6-8f88-34363bc7c4c0": {
                                "create": 600000000000,
                                "delete": 600000000000
                            },
                            "schema_version": "1"
                        },
                        "tainted": false
                    },
                    "deposed": [],
                    "provider": "provider.aws"
                },
                "aws_security_group.myapp-elb-securitygroup": {
                    "type": "aws_security_group",
                    "depends_on": [
                        "aws_vpc.main"
                    ],
                    "primary": {
                        "id": "sg-0b2c9e8f22f0dfbfd",
                        "attributes": {
                            "arn": "arn:aws:ec2:eu-central-1:228651446036:security-group/sg-0b2c9e8f22f0dfbfd",
                            "description": "security group for ecs",
                            "egress.#": "1",
                            "egress.482069346.cidr_blocks.#": "1",
                            "egress.482069346.cidr_blocks.0": "0.0.0.0/0",
                            "egress.482069346.description": "",
                            "egress.482069346.from_port": "0",
                            "egress.482069346.ipv6_cidr_blocks.#": "0",
                            "egress.482069346.prefix_list_ids.#": "0",
                            "egress.482069346.protocol": "-1",
                            "egress.482069346.security_groups.#": "0",
                            "egress.482069346.self": "false",
                            "egress.482069346.to_port": "0",
                            "id": "sg-0b2c9e8f22f0dfbfd",
                            "ingress.#": "1",
                            "ingress.2214680975.cidr_blocks.#": "1",
                            "ingress.2214680975.cidr_blocks.0": "0.0.0.0/0",
                            "ingress.2214680975.description": "",
                            "ingress.2214680975.from_port": "80",
                            "ingress.2214680975.ipv6_cidr_blocks.#": "0",
                            "ingress.2214680975.prefix_list_ids.#": "0",
                            "ingress.2214680975.protocol": "tcp",
                            "ingress.2214680975.security_groups.#": "0",
                            "ingress.2214680975.self": "false",
                            "ingress.2214680975.to_port": "80",
                            "name": "myapp-elb",
                            "owner_id": "228651446036",
                            "revoke_rules_on_delete": "false",
                            "tags.%": "1",
                            "tags.Name": "myapp-elb",
                            "vpc_id": "vpc-0cd7458ca4a3138c5"
                        },
                        "meta": {
                            "e2bfb730-ecaa-11e6-8f88-34363bc7c4c0": {
                                "create": 600000000000,
                                "delete": 600000000000
                            },
                            "schema_version": "1"
                        },
                        "tainted": false
                    },
                    "deposed": [],
                    "provider": "provider.aws"
                },
                "aws_subnet.main-private-1": {
                    "type": "aws_subnet",
                    "depends_on": [
                        "aws_vpc.main"
                    ],
                    "primary": {
                        "id": "subnet-09c7d4ceb78127108",
                        "attributes": {
                            "arn": "arn:aws:ec2:eu-central-1:228651446036:subnet/subnet-09c7d4ceb78127108",
                            "assign_ipv6_address_on_creation": "false",
                            "availability_zone": "eu-central-1a",
                            "availability_zone_id": "euc1-az2",
                            "cidr_block": "10.0.4.0/24",
                            "id": "subnet-09c7d4ceb78127108",
                            "ipv6_cidr_block": "",
                            "ipv6_cidr_block_association_id": "",
                            "map_public_ip_on_launch": "false",
                            "owner_id": "228651446036",
                            "tags.%": "1",
                            "tags.Name": "main-private-1",
                            "vpc_id": "vpc-0cd7458ca4a3138c5"
                        },
                        "meta": {
                            "e2bfb730-ecaa-11e6-8f88-34363bc7c4c0": {
                                "create": 600000000000,
                                "delete": 600000000000
                            },
                            "schema_version": "1"
                        },
                        "tainted": false
                    },
                    "deposed": [],
                    "provider": "provider.aws"
                },
                "aws_subnet.main-private-2": {
                    "type": "aws_subnet",
                    "depends_on": [
                        "aws_vpc.main"
                    ],
                    "primary": {
                        "id": "subnet-079aa136732e020aa",
                        "attributes": {
                            "arn": "arn:aws:ec2:eu-central-1:228651446036:subnet/subnet-079aa136732e020aa",
                            "assign_ipv6_address_on_creation": "false",
                            "availability_zone": "eu-central-1b",
                            "availability_zone_id": "euc1-az3",
                            "cidr_block": "10.0.5.0/24",
                            "id": "subnet-079aa136732e020aa",
                            "ipv6_cidr_block": "",
                            "ipv6_cidr_block_association_id": "",
                            "map_public_ip_on_launch": "false",
                            "owner_id": "228651446036",
                            "tags.%": "1",
                            "tags.Name": "main-private-2",
                            "vpc_id": "vpc-0cd7458ca4a3138c5"
                        },
                        "meta": {
                            "e2bfb730-ecaa-11e6-8f88-34363bc7c4c0": {
                                "create": 600000000000,
                                "delete": 600000000000
                            },
                            "schema_version": "1"
                        },
                        "tainted": false
                    },
                    "deposed": [],
                    "provider": "provider.aws"
                },
                "aws_subnet.main-private-3": {
                    "type": "aws_subnet",
                    "depends_on": [
                        "aws_vpc.main"
                    ],
                    "primary": {
                        "id": "subnet-0a5645c3fff8e6d6b",
                        "attributes": {
                            "arn": "arn:aws:ec2:eu-central-1:228651446036:subnet/subnet-0a5645c3fff8e6d6b",
                            "assign_ipv6_address_on_creation": "false",
                            "availability_zone": "eu-central-1c",
                            "availability_zone_id": "euc1-az1",
                            "cidr_block": "10.0.6.0/24",
                            "id": "subnet-0a5645c3fff8e6d6b",
                            "ipv6_cidr_block": "",
                            "ipv6_cidr_block_association_id": "",
                            "map_public_ip_on_launch": "false",
                            "owner_id": "228651446036",
                            "tags.%": "1",
                            "tags.Name": "main-private-3",
                            "vpc_id": "vpc-0cd7458ca4a3138c5"
                        },
                        "meta": {
                            "e2bfb730-ecaa-11e6-8f88-34363bc7c4c0": {
                                "create": 600000000000,
                                "delete": 600000000000
                            },
                            "schema_version": "1"
                        },
                        "tainted": false
                    },
                    "deposed": [],
                    "provider": "provider.aws"
                },
                "aws_subnet.main-public-1": {
                    "type": "aws_subnet",
                    "depends_on": [
                        "aws_vpc.main"
                    ],
                    "primary": {
                        "id": "subnet-0b4e2eef60fc0378c",
                        "attributes": {
                            "arn": "arn:aws:ec2:eu-central-1:228651446036:subnet/subnet-0b4e2eef60fc0378c",
                            "assign_ipv6_address_on_creation": "false",
                            "availability_zone": "eu-central-1a",
                            "availability_zone_id": "euc1-az2",
                            "cidr_block": "10.0.1.0/24",
                            "id": "subnet-0b4e2eef60fc0378c",
                            "ipv6_cidr_block": "",
                            "ipv6_cidr_block_association_id": "",
                            "map_public_ip_on_launch": "true",
                            "owner_id": "228651446036",
                            "tags.%": "1",
                            "tags.Name": "main-public-1",
                            "vpc_id": "vpc-0cd7458ca4a3138c5"
                        },
                        "meta": {
                            "e2bfb730-ecaa-11e6-8f88-34363bc7c4c0": {
                                "create": 600000000000,
                                "delete": 600000000000
                            },
                            "schema_version": "1"
                        },
                        "tainted": false
                    },
                    "deposed": [],
                    "provider": "provider.aws"
                },
                "aws_subnet.main-public-2": {
                    "type": "aws_subnet",
                    "depends_on": [
                        "aws_vpc.main"
                    ],
                    "primary": {
                        "id": "subnet-0f6bdf06e97772070",
                        "attributes": {
                            "arn": "arn:aws:ec2:eu-central-1:228651446036:subnet/subnet-0f6bdf06e97772070",
                            "assign_ipv6_address_on_creation": "false",
                            "availability_zone": "eu-central-1b",
                            "availability_zone_id": "euc1-az3",
                            "cidr_block": "10.0.2.0/24",
                            "id": "subnet-0f6bdf06e97772070",
                            "ipv6_cidr_block": "",
                            "ipv6_cidr_block_association_id": "",
                            "map_public_ip_on_launch": "true",
                            "owner_id": "228651446036",
                            "tags.%": "1",
                            "tags.Name": "main-public-2",
                            "vpc_id": "vpc-0cd7458ca4a3138c5"
                        },
                        "meta": {
                            "e2bfb730-ecaa-11e6-8f88-34363bc7c4c0": {
                                "create": 600000000000,
                                "delete": 600000000000
                            },
                            "schema_version": "1"
                        },
                        "tainted": false
                    },
                    "deposed": [],
                    "provider": "provider.aws"
                },
                "aws_subnet.main-public-3": {
                    "type": "aws_subnet",
                    "depends_on": [
                        "aws_vpc.main"
                    ],
                    "primary": {
                        "id": "subnet-0604903cd24921a97",
                        "attributes": {
                            "arn": "arn:aws:ec2:eu-central-1:228651446036:subnet/subnet-0604903cd24921a97",
                            "assign_ipv6_address_on_creation": "false",
                            "availability_zone": "eu-central-1c",
                            "availability_zone_id": "euc1-az1",
                            "cidr_block": "10.0.3.0/24",
                            "id": "subnet-0604903cd24921a97",
                            "ipv6_cidr_block": "",
                            "ipv6_cidr_block_association_id": "",
                            "map_public_ip_on_launch": "true",
                            "owner_id": "228651446036",
                            "tags.%": "1",
                            "tags.Name": "main-public-3",
                            "vpc_id": "vpc-0cd7458ca4a3138c5"
                        },
                        "meta": {
                            "e2bfb730-ecaa-11e6-8f88-34363bc7c4c0": {
                                "create": 600000000000,
                                "delete": 600000000000
                            },
                            "schema_version": "1"
                        },
                        "tainted": false
                    },
                    "deposed": [],
                    "provider": "provider.aws"
                },
                "aws_volume_attachment.jenkins-data-attachment": {
                    "type": "aws_volume_attachment",
                    "depends_on": [
                        "aws_ebs_volume.jenkins-data",
                        "aws_instance.jenkins-instance"
                    ],
                    "primary": {
                        "id": "vai-3545094031",
                        "attributes": {
                            "device_name": "/dev/xvdh",
                            "id": "vai-3545094031",
                            "instance_id": "i-07e2ef95949d95fac",
                            "volume_id": "vol-0b3e3478be92a04c7"
                        },
                        "meta": {},
                        "tainted": false
                    },
                    "deposed": [],
                    "provider": "provider.aws"
                },
                "aws_vpc.main": {
                    "type": "aws_vpc",
                    "depends_on": [],
                    "primary": {
                        "id": "vpc-0cd7458ca4a3138c5",
                        "attributes": {
                            "arn": "arn:aws:ec2:eu-central-1:228651446036:vpc/vpc-0cd7458ca4a3138c5",
                            "assign_generated_ipv6_cidr_block": "false",
                            "cidr_block": "10.0.0.0/16",
                            "default_network_acl_id": "acl-00a44f43b5f89a5f5",
                            "default_route_table_id": "rtb-05bb8a33d0d391c40",
                            "default_security_group_id": "sg-02a2a23bcc4ee9af5",
                            "dhcp_options_id": "dopt-f114979a",
                            "enable_classiclink": "false",
                            "enable_dns_hostnames": "true",
                            "enable_dns_support": "true",
                            "id": "vpc-0cd7458ca4a3138c5",
                            "instance_tenancy": "default",
                            "ipv6_association_id": "",
                            "ipv6_cidr_block": "",
                            "main_route_table_id": "rtb-05bb8a33d0d391c40",
                            "owner_id": "228651446036",
                            "tags.%": "1",
                            "tags.Name": "main"
                        },
                        "meta": {
                            "schema_version": "1"
                        },
                        "tainted": false
                    },
                    "deposed": [],
                    "provider": "provider.aws"
                },
                "data.template_cloudinit_config.cloudinit-jenkins": {
                    "type": "template_cloudinit_config",
                    "depends_on": [
                        "data.template_file.jenkins-init"
                    ],
                    "primary": {
                        "id": "925899685",
                        "attributes": {
                            "base64_encode": "false",
                            "gzip": "false",
                            "id": "925899685",
                            "part.#": "1",
                            "part.0.content": "#!/bin/bash\n\n# volume setup\nvgchange -ay\n\nDEVICE_FS=`blkid -o value -s TYPE /dev/xvdh`\nif [ \"`echo -n $DEVICE_FS`\" == \"\" ] ; then\n  # wait for the device to be attached\n  DEVICENAME=`echo \"/dev/xvdh\" | awk -F '/' '{print $3}'`\n  DEVICEEXISTS=''\n  while [[ -z $DEVICEEXISTS ]]; do\n    echo \"checking $DEVICENAME\"\n    DEVICEEXISTS=`lsblk |grep \"$DEVICENAME\" |wc -l`\n    if [[ $DEVICEEXISTS != \"1\" ]]; then\n      sleep 15\n    fi\n  done\n  pvcreate /dev/xvdh\n  vgcreate data /dev/xvdh\n  lvcreate --name volume1 -l 100%FREE data\n  mkfs.ext4 /dev/data/volume1\nfi\nmkdir -p /var/lib/jenkins\necho '/dev/data/volume1 /var/lib/jenkins ext4 defaults 0 0' \u003e\u003e /etc/fstab\nmount /var/lib/jenkins\n\n# install jenkins and docker\nwget -q -O - https://pkg.jenkins.io/debian-stable/jenkins.io.key | sudo apt-key add -\necho \"deb http://pkg.jenkins.io/debian-stable binary/\" \u003e\u003e /etc/apt/sources.list\napt-get update\napt-get install -y openjdk-8-jdk unzip\napt-get install -y jenkins=2.150.2\napt-get install -y \\\n    apt-transport-https \\\n    ca-certificates \\\n    curl \\\n    gnupg-agent \\\n    software-properties-common\n\ncurl -fsSL https://download.docker.com/linux/ubuntu/gpg | sudo apt-key add -\n\nsudo add-apt-repository \\\n   \"deb [arch=amd64] https://download.docker.com/linux/ubuntu \\\n   $(lsb_release -cs) \\\n   stable\"\n\napt-get update\napt-get install -y docker-ce docker-ce-cli containerd.io\n\n# enable docker and add perms\nsudo usermod -aG docker jenkins\n#systemctl enable docker\nsudo service docker restart\nsudo service jenkins restart\n\n# install pip\napt-get install -y python-pip python3-pip\n# install awscli\npip install awscli\n\n# install terraform\nwget -q https://releases.hashicorp.com/terraform/0.11.11/terraform_0.11.11_linux_amd64.zip \\\n\u0026\u0026 unzip -o terraform_0.11.11_linux_amd64.zip -d /usr/local/bin \\\n\u0026\u0026 rm terraform_0.11.11_linux_amd64.zip\n\n# clean up\napt-get clean\n",
                            "part.0.content_type": "text/x-shellscript",
                            "part.0.filename": "",
                            "part.0.merge_type": "",
                            "rendered": "Content-Type: multipart/mixed; boundary=\"MIMEBOUNDARY\"\nMIME-Version: 1.0\r\n\r\n--MIMEBOUNDARY\r\nContent-Transfer-Encoding: 7bit\r\nContent-Type: text/x-shellscript\r\nMime-Version: 1.0\r\n\r\n#!/bin/bash\n\n# volume setup\nvgchange -ay\n\nDEVICE_FS=`blkid -o value -s TYPE /dev/xvdh`\nif [ \"`echo -n $DEVICE_FS`\" == \"\" ] ; then\n  # wait for the device to be attached\n  DEVICENAME=`echo \"/dev/xvdh\" | awk -F '/' '{print $3}'`\n  DEVICEEXISTS=''\n  while [[ -z $DEVICEEXISTS ]]; do\n    echo \"checking $DEVICENAME\"\n    DEVICEEXISTS=`lsblk |grep \"$DEVICENAME\" |wc -l`\n    if [[ $DEVICEEXISTS != \"1\" ]]; then\n      sleep 15\n    fi\n  done\n  pvcreate /dev/xvdh\n  vgcreate data /dev/xvdh\n  lvcreate --name volume1 -l 100%FREE data\n  mkfs.ext4 /dev/data/volume1\nfi\nmkdir -p /var/lib/jenkins\necho '/dev/data/volume1 /var/lib/jenkins ext4 defaults 0 0' \u003e\u003e /etc/fstab\nmount /var/lib/jenkins\n\n# install jenkins and docker\nwget -q -O - https://pkg.jenkins.io/debian-stable/jenkins.io.key | sudo apt-key add -\necho \"deb http://pkg.jenkins.io/debian-stable binary/\" \u003e\u003e /etc/apt/sources.list\napt-get update\napt-get install -y openjdk-8-jdk unzip\napt-get install -y jenkins=2.150.2\napt-get install -y \\\n    apt-transport-https \\\n    ca-certificates \\\n    curl \\\n    gnupg-agent \\\n    software-properties-common\n\ncurl -fsSL https://download.docker.com/linux/ubuntu/gpg | sudo apt-key add -\n\nsudo add-apt-repository \\\n   \"deb [arch=amd64] https://download.docker.com/linux/ubuntu \\\n   $(lsb_release -cs) \\\n   stable\"\n\napt-get update\napt-get install -y docker-ce docker-ce-cli containerd.io\n\n# enable docker and add perms\nsudo usermod -aG docker jenkins\n#systemctl enable docker\nsudo service docker restart\nsudo service jenkins restart\n\n# install pip\napt-get install -y python-pip python3-pip\n# install awscli\npip install awscli\n\n# install terraform\nwget -q https://releases.hashicorp.com/terraform/0.11.11/terraform_0.11.11_linux_amd64.zip \\\n\u0026\u0026 unzip -o terraform_0.11.11_linux_amd64.zip -d /usr/local/bin \\\n\u0026\u0026 rm terraform_0.11.11_linux_amd64.zip\n\n# clean up\napt-get clean\n\r\n--MIMEBOUNDARY--\r\n"
                        },
                        "meta": {},
                        "tainted": false
                    },
                    "deposed": [],
                    "provider": "provider.template"
                },
                "data.template_file.jenkins-init": {
                    "type": "template_file",
                    "depends_on": [],
                    "primary": {
                        "id": "8a8605458031eebd262d2b2e0f6e94fd36690bf69f19543eb6d295b3c7a301d0",
                        "attributes": {
                            "id": "8a8605458031eebd262d2b2e0f6e94fd36690bf69f19543eb6d295b3c7a301d0",
                            "rendered": "#!/bin/bash\n\n# volume setup\nvgchange -ay\n\nDEVICE_FS=`blkid -o value -s TYPE /dev/xvdh`\nif [ \"`echo -n $DEVICE_FS`\" == \"\" ] ; then\n  # wait for the device to be attached\n  DEVICENAME=`echo \"/dev/xvdh\" | awk -F '/' '{print $3}'`\n  DEVICEEXISTS=''\n  while [[ -z $DEVICEEXISTS ]]; do\n    echo \"checking $DEVICENAME\"\n    DEVICEEXISTS=`lsblk |grep \"$DEVICENAME\" |wc -l`\n    if [[ $DEVICEEXISTS != \"1\" ]]; then\n      sleep 15\n    fi\n  done\n  pvcreate /dev/xvdh\n  vgcreate data /dev/xvdh\n  lvcreate --name volume1 -l 100%FREE data\n  mkfs.ext4 /dev/data/volume1\nfi\nmkdir -p /var/lib/jenkins\necho '/dev/data/volume1 /var/lib/jenkins ext4 defaults 0 0' \u003e\u003e /etc/fstab\nmount /var/lib/jenkins\n\n# install jenkins and docker\nwget -q -O - https://pkg.jenkins.io/debian-stable/jenkins.io.key | sudo apt-key add -\necho \"deb http://pkg.jenkins.io/debian-stable binary/\" \u003e\u003e /etc/apt/sources.list\napt-get update\napt-get install -y openjdk-8-jdk unzip\napt-get install -y jenkins=2.150.2\napt-get install -y \\\n    apt-transport-https \\\n    ca-certificates \\\n    curl \\\n    gnupg-agent \\\n    software-properties-common\n\ncurl -fsSL https://download.docker.com/linux/ubuntu/gpg | sudo apt-key add -\n\nsudo add-apt-repository \\\n   \"deb [arch=amd64] https://download.docker.com/linux/ubuntu \\\n   $(lsb_release -cs) \\\n   stable\"\n\napt-get update\napt-get install -y docker-ce docker-ce-cli containerd.io\n\n# enable docker and add perms\nsudo usermod -aG docker jenkins\n#systemctl enable docker\nsudo service docker restart\nsudo service jenkins restart\n\n# install pip\napt-get install -y python-pip python3-pip\n# install awscli\npip install awscli\n\n# install terraform\nwget -q https://releases.hashicorp.com/terraform/0.11.11/terraform_0.11.11_linux_amd64.zip \\\n\u0026\u0026 unzip -o terraform_0.11.11_linux_amd64.zip -d /usr/local/bin \\\n\u0026\u0026 rm terraform_0.11.11_linux_amd64.zip\n\n# clean up\napt-get clean\n",
                            "template": "#!/bin/bash\n\n# volume setup\nvgchange -ay\n\nDEVICE_FS=`blkid -o value -s TYPE ${DEVICE}`\nif [ \"`echo -n $DEVICE_FS`\" == \"\" ] ; then\n  # wait for the device to be attached\n  DEVICENAME=`echo \"${DEVICE}\" | awk -F '/' '{print $3}'`\n  DEVICEEXISTS=''\n  while [[ -z $DEVICEEXISTS ]]; do\n    echo \"checking $DEVICENAME\"\n    DEVICEEXISTS=`lsblk |grep \"$DEVICENAME\" |wc -l`\n    if [[ $DEVICEEXISTS != \"1\" ]]; then\n      sleep 15\n    fi\n  done\n  pvcreate ${DEVICE}\n  vgcreate data ${DEVICE}\n  lvcreate --name volume1 -l 100%FREE data\n  mkfs.ext4 /dev/data/volume1\nfi\nmkdir -p /var/lib/jenkins\necho '/dev/data/volume1 /var/lib/jenkins ext4 defaults 0 0' \u003e\u003e /etc/fstab\nmount /var/lib/jenkins\n\n# install jenkins and docker\nwget -q -O - https://pkg.jenkins.io/debian-stable/jenkins.io.key | sudo apt-key add -\necho \"deb http://pkg.jenkins.io/debian-stable binary/\" \u003e\u003e /etc/apt/sources.list\napt-get update\napt-get install -y openjdk-8-jdk unzip\napt-get install -y jenkins=${JENKINS_VERSION}\napt-get install -y \\\n    apt-transport-https \\\n    ca-certificates \\\n    curl \\\n    gnupg-agent \\\n    software-properties-common\n\ncurl -fsSL https://download.docker.com/linux/ubuntu/gpg | sudo apt-key add -\n\nsudo add-apt-repository \\\n   \"deb [arch=amd64] https://download.docker.com/linux/ubuntu \\\n   $(lsb_release -cs) \\\n   stable\"\n\napt-get update\napt-get install -y docker-ce docker-ce-cli containerd.io\n\n# enable docker and add perms\nsudo usermod -aG docker jenkins\n#systemctl enable docker\nsudo service docker restart\nsudo service jenkins restart\n\n# install pip\napt-get install -y python-pip python3-pip\n# install awscli\npip install awscli\n\n# install terraform\nwget -q https://releases.hashicorp.com/terraform/${TERRAFORM_VERSION}/terraform_${TERRAFORM_VERSION}_linux_amd64.zip \\\n\u0026\u0026 unzip -o terraform_${TERRAFORM_VERSION}_linux_amd64.zip -d /usr/local/bin \\\n\u0026\u0026 rm terraform_${TERRAFORM_VERSION}_linux_amd64.zip\n\n# clean up\napt-get clean\n",
                            "vars.%": "3",
                            "vars.DEVICE": "/dev/xvdh",
                            "vars.JENKINS_VERSION": "2.150.2",
                            "vars.TERRAFORM_VERSION": "0.11.11"
                        },
                        "meta": {},
                        "tainted": false
                    },
                    "deposed": [],
                    "provider": "provider.template"
                },
                "data.template_file.myapp-task-definition-template": {
                    "type": "template_file",
                    "depends_on": [
                        "aws_ecr_repository.myapp"
                    ],
                    "primary": {
                        "id": "98fbed1fbe7bb9101901e691237ec2454f407596474361f1ec95488adb274202",
                        "attributes": {
                            "id": "98fbed1fbe7bb9101901e691237ec2454f407596474361f1ec95488adb274202",
                            "rendered": "[\n  {\n    \"essential\": true,\n    \"memory\": 256,\n    \"name\": \"myapp\",\n    \"cpu\": 256,\n    \"image\": \"228651446036.dkr.ecr.eu-central-1.amazonaws.com/myapp:0\",\n    \"workingDirectory\": \"/app\",\n    \"command\": [\"npm\", \"start\"],\n    \"portMappings\": [\n        {\n            \"containerPort\": 3000,\n            \"hostPort\": 3000\n        }\n    ]\n  }\n]\n\n",
                            "template": "[\n  {\n    \"essential\": true,\n    \"memory\": 256,\n    \"name\": \"myapp\",\n    \"cpu\": 256,\n    \"image\": \"${REPOSITORY_URL}:${APP_VERSION}\",\n    \"workingDirectory\": \"/app\",\n    \"command\": [\"npm\", \"start\"],\n    \"portMappings\": [\n        {\n            \"containerPort\": 3000,\n            \"hostPort\": 3000\n        }\n    ]\n  }\n]\n\n",
                            "vars.%": "2",
                            "vars.APP_VERSION": "0",
                            "vars.REPOSITORY_URL": "228651446036.dkr.ecr.eu-central-1.amazonaws.com/myapp"
                        },
                        "meta": {},
                        "tainted": false
                    },
                    "deposed": [],
                    "provider": "provider.template"
                }
            },
            "depends_on": []
        }
    ]
}
